{
  "version": "2",
  "remote": {
    "https://deno.land/std@0.150.0/media_types/_util.ts": "ce9b4fc4ba1c447dafab619055e20fd88236ca6bdd7834a21f98bd193c3fbfa1",
    "https://deno.land/std@0.150.0/media_types/mod.ts": "2d4b6f32a087029272dc59e0a55ae3cc4d1b27b794ccf528e94b1925795b3118",
    "https://deno.land/std@0.150.0/media_types/vendor/mime-db.v1.52.0.ts": "724cee25fa40f1a52d3937d6b4fbbfdd7791ff55e1b7ac08d9319d5632c7f5af",
    "https://deno.land/std@0.185.0/_util/asserts.ts": "178dfc49a464aee693a7e285567b3d0b555dc805ff490505a8aae34f9cfb1462",
    "https://deno.land/std@0.185.0/_util/os.ts": "d932f56d41e4f6a6093d56044e29ce637f8dcc43c5a90af43504a889cf1775e3",
    "https://deno.land/std@0.185.0/async/deferred.ts": "42790112f36a75a57db4a96d33974a936deb7b04d25c6084a9fa8a49f135def8",
    "https://deno.land/std@0.185.0/bytes/bytes_list.ts": "31d664f4d42fa922066405d0e421c56da89d751886ee77bbe25a88bf0310c9d0",
    "https://deno.land/std@0.185.0/bytes/concat.ts": "d26d6f3d7922e6d663dacfcd357563b7bf4a380ce5b9c2bbe0c8586662f25ce2",
    "https://deno.land/std@0.185.0/bytes/copy.ts": "939d89e302a9761dcf1d9c937c7711174ed74c59eef40a1e4569a05c9de88219",
    "https://deno.land/std@0.185.0/bytes/ends_with.ts": "4228811ebc71615d27f065c54b5e815ec1972538772b0f413c0efe05245b472e",
    "https://deno.land/std@0.185.0/bytes/equals.ts": "b87494ce5442dc786db46f91378100028c402f83a14a2f7bbff6bda7810aefe3",
    "https://deno.land/std@0.185.0/bytes/includes_needle.ts": "76a8163126fb2f8bf86fd7f22192c3bb04bf6a20b987a095127c2ca08adf3ba6",
    "https://deno.land/std@0.185.0/bytes/index_of_needle.ts": "65c939607df609374c4415598fa4dad04a2f14c4d98cd15775216f0aaf597f24",
    "https://deno.land/std@0.185.0/bytes/last_index_of_needle.ts": "7181072883cb4908c6ce8f7a5bb1d96787eef2c2ab3aa94fe4268ab326a53cbf",
    "https://deno.land/std@0.185.0/bytes/mod.ts": "e869bba1e7a2e3a9cc6c2d55471888429a544e70a840c087672e656e7ba21815",
    "https://deno.land/std@0.185.0/bytes/repeat.ts": "6f5e490d8d72bcbf8d84a6bb04690b9b3eb5822c5a11687bca73a2318a842294",
    "https://deno.land/std@0.185.0/bytes/starts_with.ts": "3e607a70c9c09f5140b7a7f17a695221abcc7244d20af3eb47ccbb63f5885135",
    "https://deno.land/std@0.185.0/crypto/keystack.ts": "877ab0f19eb7d37ad6495190d3c3e39f58e9c52e0b6a966f82fd6df67ca55f90",
    "https://deno.land/std@0.185.0/crypto/timing_safe_equal.ts": "0fae34ee02264f309ae0b6e54e9746a7aba3996e5454903ed106967a7a9ef665",
    "https://deno.land/std@0.185.0/encoding/base64.ts": "144ae6234c1fbe5b68666c711dc15b1e9ee2aef6d42b3b4345bf9a6c91d70d0d",
    "https://deno.land/std@0.185.0/encoding/base64url.ts": "2ed4ba122b20fedf226c5d337cf22ee2024fa73a8f85d915d442af7e9ce1fae1",
    "https://deno.land/std@0.185.0/http/_negotiation/common.ts": "14d1a52427ab258a4b7161cd80e1d8a207b7cc64b46e911780f57ead5f4323c6",
    "https://deno.land/std@0.185.0/http/_negotiation/encoding.ts": "ff747d107277c88cb7a6a62a08eeb8d56dad91564cbcccb30694d5dc126dcc53",
    "https://deno.land/std@0.185.0/http/_negotiation/language.ts": "7bcddd8db3330bdb7ce4fc00a213c5547c1968139864201efd67ef2d0d51887d",
    "https://deno.land/std@0.185.0/http/_negotiation/media_type.ts": "58847517cd549384ad677c0fe89e0a4815be36fe7a303ea63cee5f6a1d7e1692",
    "https://deno.land/std@0.185.0/http/cookie_map.ts": "d148a5eaf35f19905dd5104126fa47ac71105306dd42f129732365e43108b28a",
    "https://deno.land/std@0.185.0/http/etag.ts": "6ad8abbbb1045aabf2307959a2c5565054a8bf01c9824ddee836b1ff22706a58",
    "https://deno.land/std@0.185.0/http/http_errors.ts": "b9a18ef97d6c5966964de95e04d1f9f88a0f8bd8577c26fd402d9d632fb03a42",
    "https://deno.land/std@0.185.0/http/http_status.ts": "8a7bcfe3ac025199ad804075385e57f63d055b2aed539d943ccc277616d6f932",
    "https://deno.land/std@0.185.0/http/negotiation.ts": "46e74a6bad4b857333a58dc5b50fe8e5a4d5267e97292293ea65f980bd918086",
    "https://deno.land/std@0.185.0/http/server_sent_event.ts": "856764c8c058605bb618272833990b1f88b6de0dcc460f0f09749ba7e99dd656",
    "https://deno.land/std@0.185.0/io/buf_reader.ts": "abeb92b18426f11d72b112518293a96aef2e6e55f80b84235e8971ac910affb5",
    "https://deno.land/std@0.185.0/io/buf_writer.ts": "48c33c8f00b61dcbc7958706741cec8e59810bd307bc6a326cbd474fe8346dfd",
    "https://deno.land/std@0.185.0/io/buffer.ts": "17f4410eaaa60a8a85733e8891349a619eadfbbe42e2f319283ce2b8f29723ab",
    "https://deno.land/std@0.185.0/io/copy_n.ts": "0cc7ce07c75130f6fc18621ec1911c36e147eb9570664fee0ea12b1988167590",
    "https://deno.land/std@0.185.0/io/limited_reader.ts": "6c9a216f8eef39c1ee2a6b37a29372c8fc63455b2eeb91f06d9646f8f759fc8b",
    "https://deno.land/std@0.185.0/io/mod.ts": "2665bcccc1fd6e8627cca167c3e92aaecbd9897556b6f69e6d258070ef63fd9b",
    "https://deno.land/std@0.185.0/io/multi_reader.ts": "9c2a0a31686c44b277e16da1d97b4686a986edcee48409b84be25eedbc39b271",
    "https://deno.land/std@0.185.0/io/read_delim.ts": "c02b93cc546ae8caad8682ae270863e7ace6daec24c1eddd6faabc95a9d876a3",
    "https://deno.land/std@0.185.0/io/read_int.ts": "7cb8bcdfaf1107586c3bacc583d11c64c060196cb070bb13ae8c2061404f911f",
    "https://deno.land/std@0.185.0/io/read_lines.ts": "c526c12a20a9386dc910d500f9cdea43cba974e853397790bd146817a7eef8cc",
    "https://deno.land/std@0.185.0/io/read_long.ts": "f0aaa420e3da1261c5d33c5e729f09922f3d9fa49f046258d4ff7a00d800c71e",
    "https://deno.land/std@0.185.0/io/read_range.ts": "28152daf32e43dd9f7d41d8466852b0d18ad766cd5c4334c91fef6e1b3a74eb5",
    "https://deno.land/std@0.185.0/io/read_short.ts": "805cb329574b850b84bf14a92c052c59b5977a492cd780c41df8ad40826c1a20",
    "https://deno.land/std@0.185.0/io/read_string_delim.ts": "5dc9f53bdf78e7d4ee1e56b9b60352238ab236a71c3e3b2a713c3d78472a53ce",
    "https://deno.land/std@0.185.0/io/slice_long_to_bytes.ts": "48d9bace92684e880e46aa4a2520fc3867f9d7ce212055f76ecc11b22f9644b7",
    "https://deno.land/std@0.185.0/io/string_reader.ts": "da0f68251b3d5b5112485dfd4d1b1936135c9b4d921182a7edaf47f74c25cc8f",
    "https://deno.land/std@0.185.0/io/string_writer.ts": "8a03c5858c24965a54c6538bed15f32a7c72f5704a12bda56f83a40e28e5433e",
    "https://deno.land/std@0.185.0/media_types/_db.ts": "7606d83e31f23ce1a7968cbaee852810c2cf477903a095696cdc62eaab7ce570",
    "https://deno.land/std@0.185.0/media_types/_util.ts": "916efbd30b6148a716f110e67a4db29d6949bf4048997b754415dd7e42c52378",
    "https://deno.land/std@0.185.0/media_types/content_type.ts": "ad98a5aa2d95f5965b2796072284258710a25e520952376ed432b0937ce743bc",
    "https://deno.land/std@0.185.0/media_types/extension.ts": "a7cd28c9417143387cdfed27d4e8607ebcf5b1ec27eb8473d5b000144689fe65",
    "https://deno.land/std@0.185.0/media_types/extensions_by_type.ts": "43806d6a52a0d6d965ada9d20e60a982feb40bc7a82268178d94edb764694fed",
    "https://deno.land/std@0.185.0/media_types/format_media_type.ts": "f5e1073c05526a6f5a516ac5c5587a1abd043bf1039c71cde1166aa4328c8baf",
    "https://deno.land/std@0.185.0/media_types/get_charset.ts": "18b88274796fda5d353806bf409eb1d2ddb3f004eb4bd311662c4cdd8ac173db",
    "https://deno.land/std@0.185.0/media_types/mod.ts": "d3f0b99f85053bc0b98ecc24eaa3546dfa09b856dc0bbaf60d8956d2cdd710c8",
    "https://deno.land/std@0.185.0/media_types/parse_media_type.ts": "835c4112e1357e95b4f10d7cdea5ae1801967e444f48673ff8f1cb4d32af9920",
    "https://deno.land/std@0.185.0/media_types/type_by_extension.ts": "daa801eb0f11cdf199445d0f1b656cf116d47dcf9e5b85cc1e6b4469f5ee0432",
    "https://deno.land/std@0.185.0/media_types/vendor/mime-db.v1.52.0.ts": "6925bbcae81ca37241e3f55908d0505724358cda3384eaea707773b2c7e99586",
    "https://deno.land/std@0.185.0/path/_constants.ts": "e49961f6f4f48039c0dfed3c3f93e963ca3d92791c9d478ac5b43183413136e0",
    "https://deno.land/std@0.185.0/path/_interface.ts": "6471159dfbbc357e03882c2266d21ef9afdb1e4aa771b0545e90db58a0ba314b",
    "https://deno.land/std@0.185.0/path/_util.ts": "d7abb1e0dea065f427b89156e28cdeb32b045870acdf865833ba808a73b576d0",
    "https://deno.land/std@0.185.0/path/common.ts": "ee7505ab01fd22de3963b64e46cff31f40de34f9f8de1fff6a1bd2fe79380000",
    "https://deno.land/std@0.185.0/path/glob.ts": "d479e0a695621c94d3fd7fe7abd4f9499caf32a8de13f25073451c6ef420a4e1",
    "https://deno.land/std@0.185.0/path/mod.ts": "bf718f19a4fdd545aee1b06409ca0805bd1b68ecf876605ce632e932fe54510c",
    "https://deno.land/std@0.185.0/path/posix.ts": "8b7c67ac338714b30c816079303d0285dd24af6b284f7ad63da5b27372a2c94d",
    "https://deno.land/std@0.185.0/path/separator.ts": "0fb679739d0d1d7bf45b68dacfb4ec7563597a902edbaf3c59b50d5bcadd93b1",
    "https://deno.land/std@0.185.0/path/win32.ts": "d186344e5583bcbf8b18af416d13d82b35a317116e6460a5a3953508c3de5bba",
    "https://deno.land/std@0.185.0/streams/_common.ts": "f45cba84f0d813de3326466095539602364a9ba521f804cc758f7a475cda692d",
    "https://deno.land/std@0.185.0/streams/buffer.ts": "d5b3d7d0299114e5b2ea895a8bf202a687fd915c5282f8096c7bae23b5a04407",
    "https://deno.land/std@0.185.0/streams/byte_slice_stream.ts": "225d57263a34325d7c96cb3dafeb478eec0e6fd05cd0458d678752eadd132bb4",
    "https://deno.land/std@0.185.0/streams/copy.ts": "75cbc795ff89291df22ddca5252de88b2e16d40c85d02840593386a8a1454f71",
    "https://deno.land/std@0.185.0/streams/delimiter_stream.ts": "f69e849b3d1f59f02424497273f411105a6f76a9f13da92aeeb9a2d554236814",
    "https://deno.land/std@0.185.0/streams/early_zip_readable_streams.ts": "4005fa74162b943f79899e5d7cb96adcbc0a6b867f9144974ed12d30e0a556e1",
    "https://deno.land/std@0.185.0/streams/iterate_reader.ts": "bbec1d45c2df2c0c5920bad0549351446fdc8e0886d99e95959b259dbcdb6072",
    "https://deno.land/std@0.185.0/streams/limited_bytes_transform_stream.ts": "05dc592ffaab83257494d22dd53917e56243c26e5e3129b3f13ddbbbc4785048",
    "https://deno.land/std@0.185.0/streams/limited_transform_stream.ts": "d69ab790232c1b86f53621ad41ef03c235f2abb4b7a1cd51960ad6e12ee55e38",
    "https://deno.land/std@0.185.0/streams/merge_readable_streams.ts": "5d6302888f4bb0616dafb5768771be0aec9bedc05fbae6b3d726d05ffbec5b15",
    "https://deno.land/std@0.185.0/streams/mod.ts": "c07ec010e700b9ea887dc36ca08729828bc7912f711e4054e24d33fd46282252",
    "https://deno.land/std@0.185.0/streams/read_all.ts": "ee319772fb0fd28302f97343cc48dfcf948f154fd0d755d8efe65814b70533be",
    "https://deno.land/std@0.185.0/streams/readable_stream_from_iterable.ts": "cd4bb9e9bf6dbe84c213beb1f5085c326624421671473e410cfaecad15f01865",
    "https://deno.land/std@0.185.0/streams/readable_stream_from_reader.ts": "bfc416c4576a30aac6b9af22c9dc292c20c6742141ee7c55b5e85460beb0c54e",
    "https://deno.land/std@0.185.0/streams/reader_from_iterable.ts": "55f68110dce3f8f2c87b834d95f153bc904257fc65175f9f2abe78455cb8047c",
    "https://deno.land/std@0.185.0/streams/reader_from_stream_reader.ts": "fa4971e5615a010e49492c5d1688ca1a4d17472a41e98b498ab89a64ebd7ac73",
    "https://deno.land/std@0.185.0/streams/text_delimiter_stream.ts": "20e680ab8b751390e359288ce764f9c47d164af11a263870746eeca4bc7d976b",
    "https://deno.land/std@0.185.0/streams/text_line_stream.ts": "0f2c4b33a5fdb2476f2e060974cba1347cefe99a4af33c28a57524b1a34750fa",
    "https://deno.land/std@0.185.0/streams/to_transform_stream.ts": "7f55fc0b14cf3ed0f8d10d8f41d05bdc40726e44a65c37f58705d10a615f0159",
    "https://deno.land/std@0.185.0/streams/writable_stream_from_writer.ts": "56fff5c82fb736fdd669b567cc0b2bbbe0351002cd13254eae26c366e2bed89a",
    "https://deno.land/std@0.185.0/streams/write_all.ts": "aec90152978581ea62d56bb53a5cbf487e6a89c902f87c5969681ffbdf32b998",
    "https://deno.land/std@0.185.0/streams/writer_from_stream_writer.ts": "07c7ee025151a190f37fc42cbb01ff93afc949119ebddc6e0d0df14df1bf6950",
    "https://deno.land/std@0.185.0/streams/zip_readable_streams.ts": "a9d81aa451240f79230add674809dbee038d93aabe286e2d9671e66591fc86ca",
    "https://deno.land/std@0.185.0/types.d.ts": "dbaeb2c4d7c526db9828fc8df89d8aecf53b9ced72e0c4568f97ddd8cda616a4",
    "https://deno.land/x/oak@v12.4.0/application.ts": "4819f2820617f04117ccafe5bb4daae004c3cc0100eb321afd9a35ba558794d9",
    "https://deno.land/x/oak@v12.4.0/body.ts": "c7392f1dae04a360838f43b9cdd2f83d29c1eff4e6071d5f0cf1f3999b1602bc",
    "https://deno.land/x/oak@v12.4.0/buf_reader.ts": "7cf96aa0ac670b75098113cf88a291a68332cc45efa8a9698f064ac5b8098a0f",
    "https://deno.land/x/oak@v12.4.0/content_disposition.ts": "8b8c3cb2fba7138cd5b7f82fc3b5ea39b33db924a824b28261659db7e164621e",
    "https://deno.land/x/oak@v12.4.0/context.ts": "9cff1251bb734e52020cb24512a608f7acbba2cb4e514ce73d00e75a79d8b4a5",
    "https://deno.land/x/oak@v12.4.0/deps.ts": "2ecc4fd8f7d4ebdd9cf66e3830f2fbb99ed1c68a97809abf59734886754f4055",
    "https://deno.land/x/oak@v12.4.0/etag.ts": "393cb69513b44058ea034571892ec6aa602ec50c45303a24c706d32ef57a3da4",
    "https://deno.land/x/oak@v12.4.0/forwarded.ts": "e656f96a85574e2a6ee54dc35efc9f72d543c9ae0923760ef426ee7369eef01c",
    "https://deno.land/x/oak@v12.4.0/headers.ts": "f50fb05614432bda971021633129aa2e8737e0844e0f01c27a937997b4d8dd4f",
    "https://deno.land/x/oak@v12.4.0/helpers.ts": "42212afa07a560b2958359cc19577417e89d9574d6579551a0af36ff7f00cc6e",
    "https://deno.land/x/oak@v12.4.0/http_server_native.ts": "0141e1339ed9a33bc26ce537ddab5adbb3542b35916d92de286aed4937e4a6d6",
    "https://deno.land/x/oak@v12.4.0/http_server_native_request.ts": "98cfe71f2ee476e20e6d76c283983843eee303de2fa13151e965633b796d43df",
    "https://deno.land/x/oak@v12.4.0/isMediaType.ts": "62d638abcf837ece3a8f07a4b7ca59794135cb0d4b73194c7d5837efd4161005",
    "https://deno.land/x/oak@v12.4.0/mediaTyper.ts": "042b853fc8e9c3f6c628dd389e03ef481552bf07242efc3f8a1af042102a6105",
    "https://deno.land/x/oak@v12.4.0/middleware.ts": "94620707a04d16c29e9aea0196ec905e08daae2fa6f84a43fb1b1ead1e1c4be6",
    "https://deno.land/x/oak@v12.4.0/middleware/proxy.ts": "4391d33efe232e1d6338486df0b1c55ced767c7fcafd3d5fcf35f7457eef6651",
    "https://deno.land/x/oak@v12.4.0/mod.ts": "3b166ef40c11eef776e37e3d442ff7f7f31518d851ff8469f5e9a3e161ced240",
    "https://deno.land/x/oak@v12.4.0/multipart.ts": "98fe9f226de8c26a16d067027b69fb1e34ad8c4055767dd157907d06cea36f9a",
    "https://deno.land/x/oak@v12.4.0/range.ts": "68a6df7ab3b868843e33f52deb94c3d4cab25cb9ef369691990c2ac15b04fafb",
    "https://deno.land/x/oak@v12.4.0/request.ts": "5852ad36389b48e0428a6f3c90854d01f10d1b15949b56001e1e75c2a00ef0f9",
    "https://deno.land/x/oak@v12.4.0/response.ts": "867d81f7eb0c65c7b8e0e0e9e145ededd5b6daa9ad922e6adc6a36a525f439a6",
    "https://deno.land/x/oak@v12.4.0/router.ts": "36b67962681732713bc0fbce779cd3ede7417c018a10aab378901bc966ecfeb8",
    "https://deno.land/x/oak@v12.4.0/send.ts": "5ec49f106294593f468317a0c885da4f3274bf6d0fe9e16a7304391730b4f4fb",
    "https://deno.land/x/oak@v12.4.0/structured_clone.ts": "9c2d21c62f616400305a60cbd29eb06764ee97edc423223424b6cf55df0e8be2",
    "https://deno.land/x/oak@v12.4.0/testing.ts": "a0be5c84981afde666de29630f34b09d944ca1a2fe6a5185644b60ad95e16d18",
    "https://deno.land/x/oak@v12.4.0/types.d.ts": "1d15e19052254c4d0ff84bb74d84def42588b2fbc59f5f6dc2c3fe5bdbb6b31b",
    "https://deno.land/x/oak@v12.4.0/util.ts": "3af8c4ed04c6cc2bedbe66e562a77fc59c72df31c55a902a63885861ca1639d6",
    "https://deno.land/x/path_to_regexp@v6.2.1/index.ts": "894060567837bae8fc9c5cbd4d0a05e9024672083d5883b525c031eea940e556",
    "https://deno.land/x/xhr@0.3.0/mod.ts": "094aacd627fd9635cd942053bf8032b5223b909858fa9dc8ffa583752ff63b20",
    "https://esm.sh/@supabase/supabase-js@2.7.1": "44f36335ae6ee8eb2e98fffcac296302d9c35bc8d6d8abe3ecf281f97deb35fd",
    "https://esm.sh/v115/@supabase/functions-js@2.1.0/deno/functions-js.mjs": "e066ef9def71c31a13035f77d08dcb24d08fef475a8b7b095455c95500f950ea",
    "https://esm.sh/v115/@supabase/functions-js@2.1.0/dist/module/FunctionsClient.d.ts": "c2e7bcf24374e6b99863f214eeef71e13d2c271039b48c9052c97f0cb3a16950",
    "https://esm.sh/v115/@supabase/functions-js@2.1.0/dist/module/index.d.ts": "1832b08edacd73b343430314bdf7af9ce456373fa3c5235b8dcdbbdf4e1d13ae",
    "https://esm.sh/v115/@supabase/functions-js@2.1.0/dist/module/types.d.ts": "085a4704c1c8969bcb9188fc018792f0c4e0387c465d26512ffc91d083767b76",
    "https://esm.sh/v115/@supabase/gotrue-js@2.20.0/deno/gotrue-js.mjs": "6af7b40fd17a55d228de37edea430ad2522fc92855a9d49c6bba5359dbb02a3a",
    "https://esm.sh/v115/@supabase/gotrue-js@2.20.0/dist/module/GoTrueAdminApi.d.ts": "e26cd0616dfb78c1bd5a585ce693477968fa2d19b223b3f868e37c1b7927d16d",
    "https://esm.sh/v115/@supabase/gotrue-js@2.20.0/dist/module/GoTrueClient.d.ts": "25adfd045e8a19199eecac80634cb644fd1990771232e0964c153536bc2771c0",
    "https://esm.sh/v115/@supabase/gotrue-js@2.20.0/dist/module/index.d.ts": "8cdbab5746a3ce56786025593191032aeb560f933279507c260d2bb65e83b636",
    "https://esm.sh/v115/@supabase/gotrue-js@2.20.0/dist/module/lib/errors.d.ts": "aba89c1be014c919b2ed0cd2379d71d9271f85fc8ecc850b23514710184e2b0d",
    "https://esm.sh/v115/@supabase/gotrue-js@2.20.0/dist/module/lib/fetch.d.ts": "0124365bdd93bdaefc37112cad6eafefdb01ae36c657770a64df7dbf5f305342",
    "https://esm.sh/v115/@supabase/gotrue-js@2.20.0/dist/module/lib/helpers.d.ts": "5ecb2cb22300da6b8f8f0a7c6ee8e1a6920ef274b2d2f4370320902f1950f363",
    "https://esm.sh/v115/@supabase/gotrue-js@2.20.0/dist/module/lib/types.d.ts": "a304fd1cfc4aa5c5ce3508ef890f1b0b3aa2cc51cf0c369e7ffec051a7547f6f",
    "https://esm.sh/v115/@supabase/postgrest-js@1.5.0/deno/postgrest-js.mjs": "3dcd06f80d56bf70bfbac9f885a2f6d1501031900ebf4ccdf4019b18562c1697",
    "https://esm.sh/v115/@supabase/postgrest-js@1.5.0/dist/module/PostgrestBuilder.d.ts": "8aba1b4384974573cdd01f0fc7d688ef517d76f3f298151692b0b37249f0d1a3",
    "https://esm.sh/v115/@supabase/postgrest-js@1.5.0/dist/module/PostgrestClient.d.ts": "70bddc51d63d92a5f6817be70f4e0d232c6758b425792adb6a9912844aa18747",
    "https://esm.sh/v115/@supabase/postgrest-js@1.5.0/dist/module/PostgrestFilterBuilder.d.ts": "a5c93476d23858a561734a206dd583c1b0fe319f3e9856f69e79134608439e62",
    "https://esm.sh/v115/@supabase/postgrest-js@1.5.0/dist/module/PostgrestQueryBuilder.d.ts": "39afb003a4687be50e4089b839c4f317bf0b6a2c234929a1a51bce99276831e3",
    "https://esm.sh/v115/@supabase/postgrest-js@1.5.0/dist/module/PostgrestTransformBuilder.d.ts": "eda6937c25925489d93fb1f28b58346358d95aec887fefd5bebe4a74cf8e3948",
    "https://esm.sh/v115/@supabase/postgrest-js@1.5.0/dist/module/index.d.ts": "fffbd398e6b4db2b1320e819d395493f3169219cfec082e09787ae2bb02baaa3",
    "https://esm.sh/v115/@supabase/postgrest-js@1.5.0/dist/module/select-query-parser.d.ts": "0a7efc7f0c36eb5accafa57c84863f4f0ac708f630a55c8e753baff5f6482e86",
    "https://esm.sh/v115/@supabase/postgrest-js@1.5.0/dist/module/types.d.ts": "b62bb9fdf20676f829bcf01b2348c9766b5d14a0451a964496e96ac49fcc2758",
    "https://esm.sh/v115/@supabase/realtime-js@2.7.1/deno/realtime-js.mjs": "9161803b095e7e659d8988d9cb7d1a69e49ec8c5ee0c1a569bd9281576e83f00",
    "https://esm.sh/v115/@supabase/realtime-js@2.7.1/dist/module/RealtimeChannel.d.ts": "25649c81d3afb47af94fcaad4e018c41082a5cabd7c7be8c31f1ae73f85a9feb",
    "https://esm.sh/v115/@supabase/realtime-js@2.7.1/dist/module/RealtimeClient.d.ts": "1051d2176aa0bfcc715ec2f3b3ff7f0dbc289780884f78fbd896dac6a834a185",
    "https://esm.sh/v115/@supabase/realtime-js@2.7.1/dist/module/RealtimePresence.d.ts": "269a1be692a79c8edd9ee2fd806c6ca181a1280c87667f9244dd7c8e70b101a4",
    "https://esm.sh/v115/@supabase/realtime-js@2.7.1/dist/module/index.d.ts": "eeff0dbcd61707a889eb2370cf3617ef42ddc2f71d7d4d18e1e43542893c066d",
    "https://esm.sh/v115/@supabase/realtime-js@2.7.1/dist/module/lib/constants.d.ts": "b8392f2eb7cf41c3479c142875adbbe4b48bfafdced532165abc1cc68aa20cb5",
    "https://esm.sh/v115/@supabase/realtime-js@2.7.1/dist/module/lib/push.d.ts": "6c8e66ded1b50971ca48cbe5e33e02042f291b330f5010771925a054baec523d",
    "https://esm.sh/v115/@supabase/realtime-js@2.7.1/dist/module/lib/serializer.d.ts": "4990f875f6e9a1898655fdba7b822222f8b930bfb7c9253b4f047aa4b05d4ca1",
    "https://esm.sh/v115/@supabase/realtime-js@2.7.1/dist/module/lib/timer.d.ts": "ddf170afd193dc372316ed1f4a087f0e9732a5b8bd9cb9e5c3ac74f1cc676e31",
    "https://esm.sh/v115/@supabase/storage-js@2.4.0/deno/storage-js.mjs": "b952d097cd40942a5f0a3f86945af4c7026cfaae39c20154de4c66d13141cf42",
    "https://esm.sh/v115/@supabase/storage-js@2.4.0/dist/module/StorageClient.d.ts": "716bdde7f3ea8f49606ac540ceb4b410facb9526668711ffb5676f7935f3408d",
    "https://esm.sh/v115/@supabase/storage-js@2.4.0/dist/module/index.d.ts": "07800a0eea5587ec26d8932a4f5f10871b9e017292ab05b74b27154fb5f98860",
    "https://esm.sh/v115/@supabase/storage-js@2.4.0/dist/module/lib/errors.d.ts": "753c82a97a0e1b05fec3989af93e4fbf2f4a3da3957584613768593ef5cc8bfc",
    "https://esm.sh/v115/@supabase/storage-js@2.4.0/dist/module/lib/fetch.d.ts": "18b68d37f6564cc754ade6371fc7e655a775e91b10abf0f45d0c037b93436761",
    "https://esm.sh/v115/@supabase/storage-js@2.4.0/dist/module/lib/types.d.ts": "9798987d2b31a44f89369692f47b36ec09c36b7d03c6bd703e950604947909d0",
    "https://esm.sh/v115/@supabase/storage-js@2.4.0/dist/module/packages/StorageBucketApi.d.ts": "f890c76f9147ee4ceefbe58644b01006f38e6f7029b713639e8923e09a2e08e2",
    "https://esm.sh/v115/@supabase/storage-js@2.4.0/dist/module/packages/StorageFileApi.d.ts": "7510aab7dbcd554f87371e7fed89c594b2e84b971733c94dab699b4c73618144",
    "https://esm.sh/v115/@supabase/supabase-js@2.7.1/deno/supabase-js.mjs": "fbd7f37dc566ba52cf75504140a7467b25ce8cd2c3f50d7db4ab05df25490630",
    "https://esm.sh/v115/@supabase/supabase-js@2.7.1/dist/module/SupabaseClient.d.ts": "25309fb19be20bccc31832e3faa9bd7df40660e0da67d969a7d01a8cf290dd9d",
    "https://esm.sh/v115/@supabase/supabase-js@2.7.1/dist/module/index.d.ts": "818927d1ffe0c6d0c346f545db1c92e0a0c53148bb724a775484af2ed3345c79",
    "https://esm.sh/v115/@supabase/supabase-js@2.7.1/dist/module/lib/SupabaseAuthClient.d.ts": "601113a9b1dcd5ceb37ca15470275c93671501d2a66a18e61e9588b3e16fa64a",
    "https://esm.sh/v115/@supabase/supabase-js@2.7.1/dist/module/lib/types.d.ts": "6844e3a54f3374265b9b6eec77e1b14f74b06d2ece339feb47df2ce5b1cc7341",
    "https://esm.sh/v115/@types/phoenix@1.5.5/index.d.ts": "300750545fd185531167690e3e8c9d3a801ccf74b8ec06320fc894f900471735",
    "https://esm.sh/v115/cross-fetch@3.1.5/deno/cross-fetch.mjs": "be43e2fc88afad172ee461e33d50e39d89511300013157a10008506c52fdbfd6",
    "https://esm.sh/v115/es5-ext@0.10.62/deno/global.js": "5fe45a955818afd1e0e8ad67eeb50f62a4b543588aefd727a1f9b732121a33fa",
    "https://esm.sh/v115/node.ns.d.ts": "0fb081f0cd2150931bd54baa04f31466abd9ca701fd9060d07931402cf8367ba",
    "https://esm.sh/v115/websocket@1.0.34/deno/websocket.mjs": "a53895dde26b216102f25493ee3a13b8f43c9c8044e9a8b5ff2384a454bda918"
  }
}
